
Microsoft Visual Studio Solution File, Format Version 12.00
# Visual Studio 15
Project("{FAE04EC0-301F-11D3-BF4B-00C04F79EFBC}") = "Assembly-CSharp", "Assembly-CSharp.csproj", "{F06F08C0-7E13-C455-8563-C97E3AA1F81E}"
EndProject
Global
	GlobalSection(SolutionConfigurationPlatforms) = preSolution
		Debug|Any CPU = Debug|Any CPU
		Release|Any CPU = Release|Any CPU
	EndGlobalSection
	GlobalSection(ProjectConfigurationPlatforms) = postSolution
		{F06F08C0-7E13-C455-8563-C97E3AA1F81E}.Debug|Any CPU.ActiveCfg = Debug|Any CPU
		{F06F08C0-7E13-C455-8563-C97E3AA1F81E}.Debug|Any CPU.Build.0 = Debug|Any CPU
		{F06F08C0-7E13-C455-8563-C97E3AA1F81E}.Release|Any CPU.ActiveCfg = Release|Any CPU
		{F06F08C0-7E13-C455-8563-C97E3AA1F81E}.Release|Any CPU.Build.0 = Release|Any CPU
	EndGlobalSection
	GlobalSection(SolutionProperties) = preSolution
		HideSolutionNode = FALSE
	EndGlobalSection
EndGlobal
